
Microsoft Visual Studio Solution File, Format Version 12.00
# Visual Studio 14
VisualStudioVersion = 14.0.25420.1
MinimumVisualStudioVersion = 10.0.40219.1
Project("{FAE04EC0-301F-11D3-BF4B-00C04F79EFBC}") = "Phoneword_Droid", "Phoneword_Droid\Phoneword_Droid.csproj", "{CA19B7FE-B6CE-4E28-B98B-E76524572794}"
EndProject
Project("{FAE04EC0-301F-11D3-BF4B-00C04F79EFBC}") = "phoneword.rest", "phoneword.rest\phoneword.rest.csproj", "{20C4C785-EA77-4349-9E67-640AD3733DA3}"
EndProject
Project("{FAE04EC0-301F-11D3-BF4B-00C04F79EFBC}") = "Phoneword.WebApiClient", "Phoneword.WebApiClient\Phoneword.WebApiClient.csproj", "{EEB58C8F-32AB-42AB-9E9C-5025B8D14AA7}"
EndProject
Project("{FAE04EC0-301F-11D3-BF4B-00C04F79EFBC}") = "Phoneword.DataModel", "Phoneword.DataModel\Phoneword.DataModel.csproj", "{86050FBC-29DC-4908-A275-075342C055D4}"
EndProject
Project("{FAE04EC0-301F-11D3-BF4B-00C04F79EFBC}") = "Phoneword.ViewModel", "Phoneword.ViewModel\Phoneword.ViewModel.csproj", "{CB4A5AFA-9147-47A4-846F-12FA9057D5C4}"
EndProject
Project("{FAE04EC0-301F-11D3-BF4B-00C04F79EFBC}") = "Phoneword.Entities", "Phoneword.Entities\Phoneword.Entities.csproj", "{0C32E479-43AF-43C9-92C6-B725AFC65B84}"
EndProject
Project("{FAE04EC0-301F-11D3-BF4B-00C04F79EFBC}") = "Phoneword.Services", "Phoneword.Services\Phoneword.Services.csproj", "{6FF67D23-A6B2-4EE1-A9F1-018F79B7837B}"
EndProject
Global
	GlobalSection(SolutionConfigurationPlatforms) = preSolution
		Ad-Hoc|Any CPU = Ad-Hoc|Any CPU
		Ad-Hoc|iPhone = Ad-Hoc|iPhone
		Ad-Hoc|iPhoneSimulator = Ad-Hoc|iPhoneSimulator
		AppStore|Any CPU = AppStore|Any CPU
		AppStore|iPhone = AppStore|iPhone
		AppStore|iPhoneSimulator = AppStore|iPhoneSimulator
		Debug|Any CPU = Debug|Any CPU
		Debug|iPhone = Debug|iPhone
		Debug|iPhoneSimulator = Debug|iPhoneSimulator
		Release|Any CPU = Release|Any CPU
		Release|iPhone = Release|iPhone
		Release|iPhoneSimulator = Release|iPhoneSimulator
	EndGlobalSection
	GlobalSection(ProjectConfigurationPlatforms) = postSolution
		{CA19B7FE-B6CE-4E28-B98B-E76524572794}.Ad-Hoc|Any CPU.ActiveCfg = Release|Any CPU
		{CA19B7FE-B6CE-4E28-B98B-E76524572794}.Ad-Hoc|Any CPU.Build.0 = Release|Any CPU
		{CA19B7FE-B6CE-4E28-B98B-E76524572794}.Ad-Hoc|Any CPU.Deploy.0 = Release|Any CPU
		{CA19B7FE-B6CE-4E28-B98B-E76524572794}.Ad-Hoc|iPhone.ActiveCfg = Release|Any CPU
		{CA19B7FE-B6CE-4E28-B98B-E76524572794}.Ad-Hoc|iPhone.Build.0 = Release|Any CPU
		{CA19B7FE-B6CE-4E28-B98B-E76524572794}.Ad-Hoc|iPhone.Deploy.0 = Release|Any CPU
		{CA19B7FE-B6CE-4E28-B98B-E76524572794}.Ad-Hoc|iPhoneSimulator.ActiveCfg = Release|Any CPU
		{CA19B7FE-B6CE-4E28-B98B-E76524572794}.Ad-Hoc|iPhoneSimulator.Build.0 = Release|Any CPU
		{CA19B7FE-B6CE-4E28-B98B-E76524572794}.Ad-Hoc|iPhoneSimulator.Deploy.0 = Release|Any CPU
		{CA19B7FE-B6CE-4E28-B98B-E76524572794}.AppStore|Any CPU.ActiveCfg = Release|Any CPU
		{CA19B7FE-B6CE-4E28-B98B-E76524572794}.AppStore|Any CPU.Build.0 = Release|Any CPU
		{CA19B7FE-B6CE-4E28-B98B-E76524572794}.AppStore|Any CPU.Deploy.0 = Release|Any CPU
		{CA19B7FE-B6CE-4E28-B98B-E76524572794}.AppStore|iPhone.ActiveCfg = Release|Any CPU
		{CA19B7FE-B6CE-4E28-B98B-E76524572794}.AppStore|iPhone.Build.0 = Release|Any CPU
		{CA19B7FE-B6CE-4E28-B98B-E76524572794}.AppStore|iPhone.Deploy.0 = Release|Any CPU
		{CA19B7FE-B6CE-4E28-B98B-E76524572794}.AppStore|iPhoneSimulator.ActiveCfg = Release|Any CPU
		{CA19B7FE-B6CE-4E28-B98B-E76524572794}.AppStore|iPhoneSimulator.Build.0 = Release|Any CPU
		{CA19B7FE-B6CE-4E28-B98B-E76524572794}.AppStore|iPhoneSimulator.Deploy.0 = Release|Any CPU
		{CA19B7FE-B6CE-4E28-B98B-E76524572794}.Debug|Any CPU.ActiveCfg = Debug|Any CPU
		{CA19B7FE-B6CE-4E28-B98B-E76524572794}.Debug|Any CPU.Build.0 = Debug|Any CPU
		{CA19B7FE-B6CE-4E28-B98B-E76524572794}.Debug|Any CPU.Deploy.0 = Debug|Any CPU
		{CA19B7FE-B6CE-4E28-B98B-E76524572794}.Debug|iPhone.ActiveCfg = Debug|Any CPU
		{CA19B7FE-B6CE-4E28-B98B-E76524572794}.Debug|iPhone.Build.0 = Debug|Any CPU
		{CA19B7FE-B6CE-4E28-B98B-E76524572794}.Debug|iPhone.Deploy.0 = Debug|Any CPU
		{CA19B7FE-B6CE-4E28-B98B-E76524572794}.Debug|iPhoneSimulator.ActiveCfg = Debug|Any CPU
		{CA19B7FE-B6CE-4E28-B98B-E76524572794}.Debug|iPhoneSimulator.Build.0 = Debug|Any CPU
		{CA19B7FE-B6CE-4E28-B98B-E76524572794}.Debug|iPhoneSimulator.Deploy.0 = Debug|Any CPU
		{CA19B7FE-B6CE-4E28-B98B-E76524572794}.Release|Any CPU.ActiveCfg = Release|Any CPU
		{CA19B7FE-B6CE-4E28-B98B-E76524572794}.Release|Any CPU.Build.0 = Release|Any CPU
		{CA19B7FE-B6CE-4E28-B98B-E76524572794}.Release|Any CPU.Deploy.0 = Release|Any CPU
		{CA19B7FE-B6CE-4E28-B98B-E76524572794}.Release|iPhone.ActiveCfg = Release|Any CPU
		{CA19B7FE-B6CE-4E28-B98B-E76524572794}.Release|iPhone.Build.0 = Release|Any CPU
		{CA19B7FE-B6CE-4E28-B98B-E76524572794}.Release|iPhone.Deploy.0 = Release|Any CPU
		{CA19B7FE-B6CE-4E28-B98B-E76524572794}.Release|iPhoneSimulator.ActiveCfg = Release|Any CPU
		{CA19B7FE-B6CE-4E28-B98B-E76524572794}.Release|iPhoneSimulator.Build.0 = Release|Any CPU
		{CA19B7FE-B6CE-4E28-B98B-E76524572794}.Release|iPhoneSimulator.Deploy.0 = Release|Any CPU
		{20C4C785-EA77-4349-9E67-640AD3733DA3}.Ad-Hoc|Any CPU.ActiveCfg = Release|Any CPU
		{20C4C785-EA77-4349-9E67-640AD3733DA3}.Ad-Hoc|Any CPU.Build.0 = Release|Any CPU
		{20C4C785-EA77-4349-9E67-640AD3733DA3}.Ad-Hoc|iPhone.ActiveCfg = Release|Any CPU
		{20C4C785-EA77-4349-9E67-640AD3733DA3}.Ad-Hoc|iPhone.Build.0 = Release|Any CPU
		{20C4C785-EA77-4349-9E67-640AD3733DA3}.Ad-Hoc|iPhoneSimulator.ActiveCfg = Release|Any CPU
		{20C4C785-EA77-4349-9E67-640AD3733DA3}.Ad-Hoc|iPhoneSimulator.Build.0 = Release|Any CPU
		{20C4C785-EA77-4349-9E67-640AD3733DA3}.AppStore|Any CPU.ActiveCfg = Release|Any CPU
		{20C4C785-EA77-4349-9E67-640AD3733DA3}.AppStore|Any CPU.Build.0 = Release|Any CPU
		{20C4C785-EA77-4349-9E67-640AD3733DA3}.AppStore|iPhone.ActiveCfg = Release|Any CPU
		{20C4C785-EA77-4349-9E67-640AD3733DA3}.AppStore|iPhone.Build.0 = Release|Any CPU
		{20C4C785-EA77-4349-9E67-640AD3733DA3}.AppStore|iPhoneSimulator.ActiveCfg = Release|Any CPU
		{20C4C785-EA77-4349-9E67-640AD3733DA3}.AppStore|iPhoneSimulator.Build.0 = Release|Any CPU
		{20C4C785-EA77-4349-9E67-640AD3733DA3}.Debug|Any CPU.ActiveCfg = Debug|Any CPU
		{20C4C785-EA77-4349-9E67-640AD3733DA3}.Debug|Any CPU.Build.0 = Debug|Any CPU
		{20C4C785-EA77-4349-9E67-640AD3733DA3}.Debug|iPhone.ActiveCfg = Debug|Any CPU
		{20C4C785-EA77-4349-9E67-640AD3733DA3}.Debug|iPhone.Build.0 = Debug|Any CPU
		{20C4C785-EA77-4349-9E67-640AD3733DA3}.Debug|iPhoneSimulator.ActiveCfg = Debug|Any CPU
		{20C4C785-EA77-4349-9E67-640AD3733DA3}.Debug|iPhoneSimulator.Build.0 = Debug|Any CPU
		{20C4C785-EA77-4349-9E67-640AD3733DA3}.Release|Any CPU.ActiveCfg = Release|Any CPU
		{20C4C785-EA77-4349-9E67-640AD3733DA3}.Release|Any CPU.Build.0 = Release|Any CPU
		{20C4C785-EA77-4349-9E67-640AD3733DA3}.Release|iPhone.ActiveCfg = Release|Any CPU
		{20C4C785-EA77-4349-9E67-640AD3733DA3}.Release|iPhone.Build.0 = Release|Any CPU
		{20C4C785-EA77-4349-9E67-640AD3733DA3}.Release|iPhoneSimulator.ActiveCfg = Release|Any CPU
		{20C4C785-EA77-4349-9E67-640AD3733DA3}.Release|iPhoneSimulator.Build.0 = Release|Any CPU
		{EEB58C8F-32AB-42AB-9E9C-5025B8D14AA7}.Ad-Hoc|Any CPU.ActiveCfg = Release|Any CPU
		{EEB58C8F-32AB-42AB-9E9C-5025B8D14AA7}.Ad-Hoc|Any CPU.Build.0 = Release|Any CPU
		{EEB58C8F-32AB-42AB-9E9C-5025B8D14AA7}.Ad-Hoc|iPhone.ActiveCfg = Release|Any CPU
		{EEB58C8F-32AB-42AB-9E9C-5025B8D14AA7}.Ad-Hoc|iPhone.Build.0 = Release|Any CPU
		{EEB58C8F-32AB-42AB-9E9C-5025B8D14AA7}.Ad-Hoc|iPhoneSimulator.ActiveCfg = Release|Any CPU
		{EEB58C8F-32AB-42AB-9E9C-5025B8D14AA7}.Ad-Hoc|iPhoneSimulator.Build.0 = Release|Any CPU
		{EEB58C8F-32AB-42AB-9E9C-5025B8D14AA7}.AppStore|Any CPU.ActiveCfg = Release|Any CPU
		{EEB58C8F-32AB-42AB-9E9C-5025B8D14AA7}.AppStore|Any CPU.Build.0 = Release|Any CPU
		{EEB58C8F-32AB-42AB-9E9C-5025B8D14AA7}.AppStore|iPhone.ActiveCfg = Release|Any CPU
		{EEB58C8F-32AB-42AB-9E9C-5025B8D14AA7}.AppStore|iPhone.Build.0 = Release|Any CPU
		{EEB58C8F-32AB-42AB-9E9C-5025B8D14AA7}.AppStore|iPhoneSimulator.ActiveCfg = Release|Any CPU
		{EEB58C8F-32AB-42AB-9E9C-5025B8D14AA7}.AppStore|iPhoneSimulator.Build.0 = Release|Any CPU
		{EEB58C8F-32AB-42AB-9E9C-5025B8D14AA7}.Debug|Any CPU.ActiveCfg = Debug|Any CPU
		{EEB58C8F-32AB-42AB-9E9C-5025B8D14AA7}.Debug|Any CPU.Build.0 = Debug|Any CPU
		{EEB58C8F-32AB-42AB-9E9C-5025B8D14AA7}.Debug|iPhone.ActiveCfg = Debug|Any CPU
		{EEB58C8F-32AB-42AB-9E9C-5025B8D14AA7}.Debug|iPhone.Build.0 = Debug|Any CPU
		{EEB58C8F-32AB-42AB-9E9C-5025B8D14AA7}.Debug|iPhoneSimulator.ActiveCfg = Debug|Any CPU
		{EEB58C8F-32AB-42AB-9E9C-5025B8D14AA7}.Debug|iPhoneSimulator.Build.0 = Debug|Any CPU
		{EEB58C8F-32AB-42AB-9E9C-5025B8D14AA7}.Release|Any CPU.ActiveCfg = Release|Any CPU
		{EEB58C8F-32AB-42AB-9E9C-5025B8D14AA7}.Release|Any CPU.Build.0 = Release|Any CPU
		{EEB58C8F-32AB-42AB-9E9C-5025B8D14AA7}.Release|iPhone.ActiveCfg = Release|Any CPU
		{EEB58C8F-32AB-42AB-9E9C-5025B8D14AA7}.Release|iPhone.Build.0 = Release|Any CPU
		{EEB58C8F-32AB-42AB-9E9C-5025B8D14AA7}.Release|iPhoneSimulator.ActiveCfg = Release|Any CPU
		{EEB58C8F-32AB-42AB-9E9C-5025B8D14AA7}.Release|iPhoneSimulator.Build.0 = Release|Any CPU
		{86050FBC-29DC-4908-A275-075342C055D4}.Ad-Hoc|Any CPU.ActiveCfg = Release|Any CPU
		{86050FBC-29DC-4908-A275-075342C055D4}.Ad-Hoc|Any CPU.Build.0 = Release|Any CPU
		{86050FBC-29DC-4908-A275-075342C055D4}.Ad-Hoc|iPhone.ActiveCfg = Release|Any CPU
		{86050FBC-29DC-4908-A275-075342C055D4}.Ad-Hoc|iPhone.Build.0 = Release|Any CPU
		{86050FBC-29DC-4908-A275-075342C055D4}.Ad-Hoc|iPhoneSimulator.ActiveCfg = Release|Any CPU
		{86050FBC-29DC-4908-A275-075342C055D4}.Ad-Hoc|iPhoneSimulator.Build.0 = Release|Any CPU
		{86050FBC-29DC-4908-A275-075342C055D4}.AppStore|Any CPU.ActiveCfg = Release|Any CPU
		{86050FBC-29DC-4908-A275-075342C055D4}.AppStore|Any CPU.Build.0 = Release|Any CPU
		{86050FBC-29DC-4908-A275-075342C055D4}.AppStore|iPhone.ActiveCfg = Release|Any CPU
		{86050FBC-29DC-4908-A275-075342C055D4}.AppStore|iPhone.Build.0 = Release|Any CPU
		{86050FBC-29DC-4908-A275-075342C055D4}.AppStore|iPhoneSimulator.ActiveCfg = Release|Any CPU
		{86050FBC-29DC-4908-A275-075342C055D4}.AppStore|iPhoneSimulator.Build.0 = Release|Any CPU
		{86050FBC-29DC-4908-A275-075342C055D4}.Debug|Any CPU.ActiveCfg = Debug|Any CPU
		{86050FBC-29DC-4908-A275-075342C055D4}.Debug|Any CPU.Build.0 = Debug|Any CPU
		{86050FBC-29DC-4908-A275-075342C055D4}.Debug|iPhone.ActiveCfg = Debug|Any CPU
		{86050FBC-29DC-4908-A275-075342C055D4}.Debug|iPhone.Build.0 = Debug|Any CPU
		{86050FBC-29DC-4908-A275-075342C055D4}.Debug|iPhoneSimulator.ActiveCfg = Debug|Any CPU
		{86050FBC-29DC-4908-A275-075342C055D4}.Debug|iPhoneSimulator.Build.0 = Debug|Any CPU
		{86050FBC-29DC-4908-A275-075342C055D4}.Release|Any CPU.ActiveCfg = Release|Any CPU
		{86050FBC-29DC-4908-A275-075342C055D4}.Release|Any CPU.Build.0 = Release|Any CPU
		{86050FBC-29DC-4908-A275-075342C055D4}.Release|iPhone.ActiveCfg = Release|Any CPU
		{86050FBC-29DC-4908-A275-075342C055D4}.Release|iPhone.Build.0 = Release|Any CPU
		{86050FBC-29DC-4908-A275-075342C055D4}.Release|iPhoneSimulator.ActiveCfg = Release|Any CPU
		{86050FBC-29DC-4908-A275-075342C055D4}.Release|iPhoneSimulator.Build.0 = Release|Any CPU
		{CB4A5AFA-9147-47A4-846F-12FA9057D5C4}.Ad-Hoc|Any CPU.ActiveCfg = Release|Any CPU
		{CB4A5AFA-9147-47A4-846F-12FA9057D5C4}.Ad-Hoc|Any CPU.Build.0 = Release|Any CPU
		{CB4A5AFA-9147-47A4-846F-12FA9057D5C4}.Ad-Hoc|iPhone.ActiveCfg = Release|Any CPU
		{CB4A5AFA-9147-47A4-846F-12FA9057D5C4}.Ad-Hoc|iPhone.Build.0 = Release|Any CPU
		{CB4A5AFA-9147-47A4-846F-12FA9057D5C4}.Ad-Hoc|iPhoneSimulator.ActiveCfg = Release|Any CPU
		{CB4A5AFA-9147-47A4-846F-12FA9057D5C4}.Ad-Hoc|iPhoneSimulator.Build.0 = Release|Any CPU
		{CB4A5AFA-9147-47A4-846F-12FA9057D5C4}.AppStore|Any CPU.ActiveCfg = Release|Any CPU
		{CB4A5AFA-9147-47A4-846F-12FA9057D5C4}.AppStore|Any CPU.Build.0 = Release|Any CPU
		{CB4A5AFA-9147-47A4-846F-12FA9057D5C4}.AppStore|iPhone.ActiveCfg = Release|Any CPU
		{CB4A5AFA-9147-47A4-846F-12FA9057D5C4}.AppStore|iPhone.Build.0 = Release|Any CPU
		{CB4A5AFA-9147-47A4-846F-12FA9057D5C4}.AppStore|iPhoneSimulator.ActiveCfg = Release|Any CPU
		{CB4A5AFA-9147-47A4-846F-12FA9057D5C4}.AppStore|iPhoneSimulator.Build.0 = Release|Any CPU
		{CB4A5AFA-9147-47A4-846F-12FA9057D5C4}.Debug|Any CPU.ActiveCfg = Debug|Any CPU
		{CB4A5AFA-9147-47A4-846F-12FA9057D5C4}.Debug|Any CPU.Build.0 = Debug|Any CPU
		{CB4A5AFA-9147-47A4-846F-12FA9057D5C4}.Debug|iPhone.ActiveCfg = Debug|Any CPU
		{CB4A5AFA-9147-47A4-846F-12FA9057D5C4}.Debug|iPhone.Build.0 = Debug|Any CPU
		{CB4A5AFA-9147-47A4-846F-12FA9057D5C4}.Debug|iPhoneSimulator.ActiveCfg = Debug|Any CPU
		{CB4A5AFA-9147-47A4-846F-12FA9057D5C4}.Debug|iPhoneSimulator.Build.0 = Debug|Any CPU
		{CB4A5AFA-9147-47A4-846F-12FA9057D5C4}.Release|Any CPU.ActiveCfg = Release|Any CPU
		{CB4A5AFA-9147-47A4-846F-12FA9057D5C4}.Release|Any CPU.Build.0 = Release|Any CPU
		{CB4A5AFA-9147-47A4-846F-12FA9057D5C4}.Release|iPhone.ActiveCfg = Release|Any CPU
		{CB4A5AFA-9147-47A4-846F-12FA9057D5C4}.Release|iPhone.Build.0 = Release|Any CPU
		{CB4A5AFA-9147-47A4-846F-12FA9057D5C4}.Release|iPhoneSimulator.ActiveCfg = Release|Any CPU
		{CB4A5AFA-9147-47A4-846F-12FA9057D5C4}.Release|iPhoneSimulator.Build.0 = Release|Any CPU
		{0C32E479-43AF-43C9-92C6-B725AFC65B84}.Ad-Hoc|Any CPU.ActiveCfg = Release|Any CPU
		{0C32E479-43AF-43C9-92C6-B725AFC65B84}.Ad-Hoc|Any CPU.Build.0 = Release|Any CPU
		{0C32E479-43AF-43C9-92C6-B725AFC65B84}.Ad-Hoc|iPhone.ActiveCfg = Release|Any CPU
		{0C32E479-43AF-43C9-92C6-B725AFC65B84}.Ad-Hoc|iPhone.Build.0 = Release|Any CPU
		{0C32E479-43AF-43C9-92C6-B725AFC65B84}.Ad-Hoc|iPhoneSimulator.ActiveCfg = Release|Any CPU
		{0C32E479-43AF-43C9-92C6-B725AFC65B84}.Ad-Hoc|iPhoneSimulator.Build.0 = Release|Any CPU
		{0C32E479-43AF-43C9-92C6-B725AFC65B84}.AppStore|Any CPU.ActiveCfg = Release|Any CPU
		{0C32E479-43AF-43C9-92C6-B725AFC65B84}.AppStore|Any CPU.Build.0 = Release|Any CPU
		{0C32E479-43AF-43C9-92C6-B725AFC65B84}.AppStore|iPhone.ActiveCfg = Release|Any CPU
		{0C32E479-43AF-43C9-92C6-B725AFC65B84}.AppStore|iPhone.Build.0 = Release|Any CPU
		{0C32E479-43AF-43C9-92C6-B725AFC65B84}.AppStore|iPhoneSimulator.ActiveCfg = Release|Any CPU
		{0C32E479-43AF-43C9-92C6-B725AFC65B84}.AppStore|iPhoneSimulator.Build.0 = Release|Any CPU
		{0C32E479-43AF-43C9-92C6-B725AFC65B84}.Debug|Any CPU.ActiveCfg = Debug|Any CPU
		{0C32E479-43AF-43C9-92C6-B725AFC65B84}.Debug|Any CPU.Build.0 = Debug|Any CPU
		{0C32E479-43AF-43C9-92C6-B725AFC65B84}.Debug|iPhone.ActiveCfg = Debug|Any CPU
		{0C32E479-43AF-43C9-92C6-B725AFC65B84}.Debug|iPhone.Build.0 = Debug|Any CPU
		{0C32E479-43AF-43C9-92C6-B725AFC65B84}.Debug|iPhoneSimulator.ActiveCfg = Debug|Any CPU
		{0C32E479-43AF-43C9-92C6-B725AFC65B84}.Debug|iPhoneSimulator.Build.0 = Debug|Any CPU
		{0C32E479-43AF-43C9-92C6-B725AFC65B84}.Release|Any CPU.ActiveCfg = Release|Any CPU
		{0C32E479-43AF-43C9-92C6-B725AFC65B84}.Release|Any CPU.Build.0 = Release|Any CPU
		{0C32E479-43AF-43C9-92C6-B725AFC65B84}.Release|iPhone.ActiveCfg = Release|Any CPU
		{0C32E479-43AF-43C9-92C6-B725AFC65B84}.Release|iPhone.Build.0 = Release|Any CPU
		{0C32E479-43AF-43C9-92C6-B725AFC65B84}.Release|iPhoneSimulator.ActiveCfg = Release|Any CPU
		{0C32E479-43AF-43C9-92C6-B725AFC65B84}.Release|iPhoneSimulator.Build.0 = Release|Any CPU
		{6FF67D23-A6B2-4EE1-A9F1-018F79B7837B}.Ad-Hoc|Any CPU.ActiveCfg = Release|Any CPU
		{6FF67D23-A6B2-4EE1-A9F1-018F79B7837B}.Ad-Hoc|Any CPU.Build.0 = Release|Any CPU
		{6FF67D23-A6B2-4EE1-A9F1-018F79B7837B}.Ad-Hoc|iPhone.ActiveCfg = Release|Any CPU
		{6FF67D23-A6B2-4EE1-A9F1-018F79B7837B}.Ad-Hoc|iPhone.Build.0 = Release|Any CPU
		{6FF67D23-A6B2-4EE1-A9F1-018F79B7837B}.Ad-Hoc|iPhoneSimulator.ActiveCfg = Release|Any CPU
		{6FF67D23-A6B2-4EE1-A9F1-018F79B7837B}.Ad-Hoc|iPhoneSimulator.Build.0 = Release|Any CPU
		{6FF67D23-A6B2-4EE1-A9F1-018F79B7837B}.AppStore|Any CPU.ActiveCfg = Release|Any CPU
		{6FF67D23-A6B2-4EE1-A9F1-018F79B7837B}.AppStore|Any CPU.Build.0 = Release|Any CPU
		{6FF67D23-A6B2-4EE1-A9F1-018F79B7837B}.AppStore|iPhone.ActiveCfg = Release|Any CPU
		{6FF67D23-A6B2-4EE1-A9F1-018F79B7837B}.AppStore|iPhone.Build.0 = Release|Any CPU
		{6FF67D23-A6B2-4EE1-A9F1-018F79B7837B}.AppStore|iPhoneSimulator.ActiveCfg = Release|Any CPU
		{6FF67D23-A6B2-4EE1-A9F1-018F79B7837B}.AppStore|iPhoneSimulator.Build.0 = Release|Any CPU
		{6FF67D23-A6B2-4EE1-A9F1-018F79B7837B}.Debug|Any CPU.ActiveCfg = Debug|Any CPU
		{6FF67D23-A6B2-4EE1-A9F1-018F79B7837B}.Debug|Any CPU.Build.0 = Debug|Any CPU
		{6FF67D23-A6B2-4EE1-A9F1-018F79B7837B}.Debug|iPhone.ActiveCfg = Debug|Any CPU
		{6FF67D23-A6B2-4EE1-A9F1-018F79B7837B}.Debug|iPhone.Build.0 = Debug|Any CPU
		{6FF67D23-A6B2-4EE1-A9F1-018F79B7837B}.Debug|iPhoneSimulator.ActiveCfg = Debug|Any CPU
		{6FF67D23-A6B2-4EE1-A9F1-018F79B7837B}.Debug|iPhoneSimulator.Build.0 = Debug|Any CPU
		{6FF67D23-A6B2-4EE1-A9F1-018F79B7837B}.Release|Any CPU.ActiveCfg = Release|Any CPU
		{6FF67D23-A6B2-4EE1-A9F1-018F79B7837B}.Release|Any CPU.Build.0 = Release|Any CPU
		{6FF67D23-A6B2-4EE1-A9F1-018F79B7837B}.Release|iPhone.ActiveCfg = Release|Any CPU
		{6FF67D23-A6B2-4EE1-A9F1-018F79B7837B}.Release|iPhone.Build.0 = Release|Any CPU
		{6FF67D23-A6B2-4EE1-A9F1-018F79B7837B}.Release|iPhoneSimulator.ActiveCfg = Release|Any CPU
		{6FF67D23-A6B2-4EE1-A9F1-018F79B7837B}.Release|iPhoneSimulator.Build.0 = Release|Any CPU
	EndGlobalSection
	GlobalSection(SolutionProperties) = preSolution
		HideSolutionNode = FALSE
	EndGlobalSection
EndGlobal
